PODS:
  - ReusableDataSource (0.1.0)

DEPENDENCIES:
  - ReusableDataSource (from `https://github.com/Rep2/ReusableDataSource.git`, branch `cocoapods`)

EXTERNAL SOURCES:
  ReusableDataSource:
    :branch: cocoapods
    :git: https://github.com/Rep2/ReusableDataSource.git

CHECKOUT OPTIONS:
  ReusableDataSource:
    :commit: 15d4034692c96c154b719e593cdc4a6c96271918
    :git: https://github.com/Rep2/ReusableDataSource.git

SPEC CHECKSUMS:
  ReusableDataSource: 89b5501cac6c149c1b4729a434aa78ddf892b9fd

PODFILE CHECKSUM: d541c1c74007d921d4995eddb7046ca07d1dae6a

COCOAPODS: 1.5.0
