// !$*UTF8*$!
{
	archiveVersion = 1;
	classes = {
	};
	objectVersion = 50;
	objects = {

/* Begin PBXBuildFile section */
		F64F82D72099D5E6006C809E /* SwiftGenericCells.framework in Frameworks */ = {isa = PBXBuildFile; fileRef = F64F82CD2099D5E6006C809E /* SwiftGenericCells.framework */; };
		F64F82DE2099D5E6006C809E /* SwiftGenericCells.h in Headers */ = {isa = PBXBuildFile; fileRef = F64F82D02099D5E6006C809E /* SwiftGenericCells.h */; settings = {ATTRIBUTES = (Public, ); }; };
		F64F82EA2099DE86006C809E /* SnapKit.framework in Frameworks */ = {isa = PBXBuildFile; fileRef = F64F82E92099DE86006C809E /* SnapKit.framework */; };
		F64F82EE2099E25C006C809E /* UITableView.swift in Sources */ = {isa = PBXBuildFile; fileRef = F64F82ED2099E25C006C809E /* UITableView.swift */; };
		F64F82F12099FC54006C809E /* TitleTableViewCell.swift in Sources */ = {isa = PBXBuildFile; fileRef = F64F82F02099FC54006C809E /* TitleTableViewCell.swift */; };
		F64F82F42099FC98006C809E /* TitleTableViewCellTest.swift in Sources */ = {isa = PBXBuildFile; fileRef = F64F82F32099FC98006C809E /* TitleTableViewCellTest.swift */; };
		F64F82F62099FE0C006C809E /* SnapKit.framework in Frameworks */ = {isa = PBXBuildFile; fileRef = F64F82E92099DE86006C809E /* SnapKit.framework */; };
		F64F8322209A2905006C809E /* ReusableCellSource.swift in Sources */ = {isa = PBXBuildFile; fileRef = F64F8321209A2905006C809E /* ReusableCellSource.swift */; };
		F64F8324209A2AED006C809E /* UICollectionView.swift in Sources */ = {isa = PBXBuildFile; fileRef = F64F8323209A2AED006C809E /* UICollectionView.swift */; };
		F64F8327209A2BA6006C809E /* TitleCollectionViewCell.swift in Sources */ = {isa = PBXBuildFile; fileRef = F64F8326209A2BA6006C809E /* TitleCollectionViewCell.swift */; };
		F6709773209B628700B98FFF /* ReusableTableViewDataSource.swift in Sources */ = {isa = PBXBuildFile; fileRef = F6709772209B628700B98FFF /* ReusableTableViewDataSource.swift */; };
		F68F1137209C6F7800BADC8D /* AppDelegate.swift in Sources */ = {isa = PBXBuildFile; fileRef = F68F1136209C6F7800BADC8D /* AppDelegate.swift */; };
		F68F1139209C6F7800BADC8D /* ViewController.swift in Sources */ = {isa = PBXBuildFile; fileRef = F68F1138209C6F7800BADC8D /* ViewController.swift */; };
		F68F113E209C6F7900BADC8D /* Assets.xcassets in Resources */ = {isa = PBXBuildFile; fileRef = F68F113D209C6F7900BADC8D /* Assets.xcassets */; };
		F68F1141209C6F7900BADC8D /* LaunchScreen.storyboard in Resources */ = {isa = PBXBuildFile; fileRef = F68F113F209C6F7900BADC8D /* LaunchScreen.storyboard */; };
		F68F1157209C71B800BADC8D /* SwiftGenericCells.framework in Frameworks */ = {isa = PBXBuildFile; fileRef = F64F82CD2099D5E6006C809E /* SwiftGenericCells.framework */; };
		F68F1158209C71B800BADC8D /* SwiftGenericCells.framework in Embed Frameworks */ = {isa = PBXBuildFile; fileRef = F64F82CD2099D5E6006C809E /* SwiftGenericCells.framework */; settings = {ATTRIBUTES = (CodeSignOnCopy, RemoveHeadersOnCopy, ); }; };
		F68F115D209C71C900BADC8D /* SwiftViewModels.framework in Embed Frameworks */ = {isa = PBXBuildFile; fileRef = F68F1155209C711900BADC8D /* SwiftViewModels.framework */; settings = {ATTRIBUTES = (CodeSignOnCopy, RemoveHeadersOnCopy, ); }; };
		F68F115E209C71DE00BADC8D /* SwiftViewModels.framework in Frameworks */ = {isa = PBXBuildFile; fileRef = F68F1155209C711900BADC8D /* SwiftViewModels.framework */; };
		F68F1160209CACD700BADC8D /* ImageTitleTableViewCell.swift in Sources */ = {isa = PBXBuildFile; fileRef = F68F115F209CACD700BADC8D /* ImageTitleTableViewCell.swift */; };
		F68F1162209CB0F700BADC8D /* AnyTableViewPresentableViewModel.swift in Sources */ = {isa = PBXBuildFile; fileRef = F68F1161209CB0F700BADC8D /* AnyTableViewPresentableViewModel.swift */; };
		F68F1166209CB12300BADC8D /* AnyCollectionViewPresentableViewModel.swift in Sources */ = {isa = PBXBuildFile; fileRef = F68F1165209CB12300BADC8D /* AnyCollectionViewPresentableViewModel.swift */; };
		F6F848E5209A822100B89ECF /* ViewModelPresenter.swift in Sources */ = {isa = PBXBuildFile; fileRef = F6F848E4209A822100B89ECF /* ViewModelPresenter.swift */; };
		F6F848E7209A915000B89ECF /* PresentableViewModel.swift in Sources */ = {isa = PBXBuildFile; fileRef = F6F848E6209A915000B89ECF /* PresentableViewModel.swift */; };
/* End PBXBuildFile section */

/* Begin PBXContainerItemProxy section */
		F64F82D82099D5E6006C809E /* PBXContainerItemProxy */ = {
			isa = PBXContainerItemProxy;
			containerPortal = F64F82C42099D5E6006C809E /* Project object */;
			proxyType = 1;
			remoteGlobalIDString = F64F82CC2099D5E6006C809E;
			remoteInfo = SwiftGenericCells;
		};
		F68F1148209C6F7900BADC8D /* PBXContainerItemProxy */ = {
			isa = PBXContainerItemProxy;
			containerPortal = F64F82C42099D5E6006C809E /* Project object */;
			proxyType = 1;
			remoteGlobalIDString = F68F1133209C6F7800BADC8D;
			remoteInfo = SwiftGenericCellsDemo;
		};
		F68F1159209C71B800BADC8D /* PBXContainerItemProxy */ = {
			isa = PBXContainerItemProxy;
			containerPortal = F64F82C42099D5E6006C809E /* Project object */;
			proxyType = 1;
			remoteGlobalIDString = F64F82CC2099D5E6006C809E;
			remoteInfo = SwiftGenericCells;
		};
/* End PBXContainerItemProxy section */

/* Begin PBXCopyFilesBuildPhase section */
		F68F115B209C71B800BADC8D /* Embed Frameworks */ = {
			isa = PBXCopyFilesBuildPhase;
			buildActionMask = 2147483647;
			dstPath = "";
			dstSubfolderSpec = 10;
			files = (
				F68F1158209C71B800BADC8D /* SwiftGenericCells.framework in Embed Frameworks */,
				F68F115D209C71C900BADC8D /* SwiftViewModels.framework in Embed Frameworks */,
			);
			name = "Embed Frameworks";
			runOnlyForDeploymentPostprocessing = 0;
		};
/* End PBXCopyFilesBuildPhase section */

/* Begin PBXFileReference section */
		F64F82CD2099D5E6006C809E /* SwiftGenericCells.framework */ = {isa = PBXFileReference; explicitFileType = wrapper.framework; includeInIndex = 0; path = SwiftGenericCells.framework; sourceTree = BUILT_PRODUCTS_DIR; };
		F64F82D02099D5E6006C809E /* SwiftGenericCells.h */ = {isa = PBXFileReference; lastKnownFileType = sourcecode.c.h; path = SwiftGenericCells.h; sourceTree = "<group>"; };
		F64F82D12099D5E6006C809E /* Info.plist */ = {isa = PBXFileReference; lastKnownFileType = text.plist.xml; path = Info.plist; sourceTree = "<group>"; };
		F64F82D62099D5E6006C809E /* SwiftGenericCellsTests.xctest */ = {isa = PBXFileReference; explicitFileType = wrapper.cfbundle; includeInIndex = 0; path = SwiftGenericCellsTests.xctest; sourceTree = BUILT_PRODUCTS_DIR; };
		F64F82DD2099D5E6006C809E /* Info.plist */ = {isa = PBXFileReference; lastKnownFileType = text.plist.xml; path = Info.plist; sourceTree = "<group>"; };
		F64F82E92099DE86006C809E /* SnapKit.framework */ = {isa = PBXFileReference; lastKnownFileType = wrapper.framework; name = SnapKit.framework; path = Carthage/Build/iOS/SnapKit.framework; sourceTree = "<group>"; };
		F64F82ED2099E25C006C809E /* UITableView.swift */ = {isa = PBXFileReference; lastKnownFileType = sourcecode.swift; path = UITableView.swift; sourceTree = "<group>"; };
		F64F82F02099FC54006C809E /* TitleTableViewCell.swift */ = {isa = PBXFileReference; lastKnownFileType = sourcecode.swift; path = TitleTableViewCell.swift; sourceTree = "<group>"; };
		F64F82F32099FC98006C809E /* TitleTableViewCellTest.swift */ = {isa = PBXFileReference; lastKnownFileType = sourcecode.swift; path = TitleTableViewCellTest.swift; sourceTree = "<group>"; };
		F64F831F209A062E006C809E /* SwiftTryCatch.framework */ = {isa = PBXFileReference; lastKnownFileType = wrapper.framework; name = SwiftTryCatch.framework; path = Carthage/Build/iOS/SwiftTryCatch.framework; sourceTree = "<group>"; };
		F64F8321209A2905006C809E /* ReusableCellSource.swift */ = {isa = PBXFileReference; lastKnownFileType = sourcecode.swift; path = ReusableCellSource.swift; sourceTree = "<group>"; };
		F64F8323209A2AED006C809E /* UICollectionView.swift */ = {isa = PBXFileReference; lastKnownFileType = sourcecode.swift; path = UICollectionView.swift; sourceTree = "<group>"; };
		F64F8326209A2BA6006C809E /* TitleCollectionViewCell.swift */ = {isa = PBXFileReference; lastKnownFileType = sourcecode.swift; path = TitleCollectionViewCell.swift; sourceTree = "<group>"; };
		F6709772209B628700B98FFF /* ReusableTableViewDataSource.swift */ = {isa = PBXFileReference; lastKnownFileType = sourcecode.swift; path = ReusableTableViewDataSource.swift; sourceTree = "<group>"; };
		F68F1134209C6F7800BADC8D /* SwiftGenericCellsDemo.app */ = {isa = PBXFileReference; explicitFileType = wrapper.application; includeInIndex = 0; path = SwiftGenericCellsDemo.app; sourceTree = BUILT_PRODUCTS_DIR; };
		F68F1136209C6F7800BADC8D /* AppDelegate.swift */ = {isa = PBXFileReference; lastKnownFileType = sourcecode.swift; path = AppDelegate.swift; sourceTree = "<group>"; };
		F68F1138209C6F7800BADC8D /* ViewController.swift */ = {isa = PBXFileReference; lastKnownFileType = sourcecode.swift; path = ViewController.swift; sourceTree = "<group>"; };
		F68F113D209C6F7900BADC8D /* Assets.xcassets */ = {isa = PBXFileReference; lastKnownFileType = folder.assetcatalog; path = Assets.xcassets; sourceTree = "<group>"; };
		F68F1140209C6F7900BADC8D /* Base */ = {isa = PBXFileReference; lastKnownFileType = file.storyboard; name = Base; path = Base.lproj/LaunchScreen.storyboard; sourceTree = "<group>"; };
		F68F1142209C6F7900BADC8D /* Info.plist */ = {isa = PBXFileReference; lastKnownFileType = text.plist.xml; path = Info.plist; sourceTree = "<group>"; };
		F68F1147209C6F7900BADC8D /* SwiftGenericCellsDemoTests.xctest */ = {isa = PBXFileReference; explicitFileType = wrapper.cfbundle; includeInIndex = 0; path = SwiftGenericCellsDemoTests.xctest; sourceTree = BUILT_PRODUCTS_DIR; };
		F68F114D209C6F7900BADC8D /* Info.plist */ = {isa = PBXFileReference; lastKnownFileType = text.plist.xml; path = Info.plist; sourceTree = "<group>"; };
		F68F1155209C711900BADC8D /* SwiftViewModels.framework */ = {isa = PBXFileReference; lastKnownFileType = wrapper.framework; name = SwiftViewModels.framework; path = Carthage/Build/iOS/SwiftViewModels.framework; sourceTree = "<group>"; };
		F68F115F209CACD700BADC8D /* ImageTitleTableViewCell.swift */ = {isa = PBXFileReference; lastKnownFileType = sourcecode.swift; path = ImageTitleTableViewCell.swift; sourceTree = "<group>"; };
		F68F1161209CB0F700BADC8D /* AnyTableViewPresentableViewModel.swift */ = {isa = PBXFileReference; lastKnownFileType = sourcecode.swift; path = AnyTableViewPresentableViewModel.swift; sourceTree = "<group>"; };
		F68F1165209CB12300BADC8D /* AnyCollectionViewPresentableViewModel.swift */ = {isa = PBXFileReference; lastKnownFileType = sourcecode.swift; path = AnyCollectionViewPresentableViewModel.swift; sourceTree = "<group>"; };
		F6F848E4209A822100B89ECF /* ViewModelPresenter.swift */ = {isa = PBXFileReference; lastKnownFileType = sourcecode.swift; path = ViewModelPresenter.swift; sourceTree = "<group>"; };
		F6F848E6209A915000B89ECF /* PresentableViewModel.swift */ = {isa = PBXFileReference; lastKnownFileType = sourcecode.swift; path = PresentableViewModel.swift; sourceTree = "<group>"; };
/* End PBXFileReference section */

/* Begin PBXFrameworksBuildPhase section */
		F64F82C92099D5E6006C809E /* Frameworks */ = {
			isa = PBXFrameworksBuildPhase;
			buildActionMask = 2147483647;
			files = (
				F64F82EA2099DE86006C809E /* SnapKit.framework in Frameworks */,
			);
			runOnlyForDeploymentPostprocessing = 0;
		};
		F64F82D32099D5E6006C809E /* Frameworks */ = {
			isa = PBXFrameworksBuildPhase;
			buildActionMask = 2147483647;
			files = (
				F64F82D72099D5E6006C809E /* SwiftGenericCells.framework in Frameworks */,
				F64F82F62099FE0C006C809E /* SnapKit.framework in Frameworks */,
			);
			runOnlyForDeploymentPostprocessing = 0;
		};
		F68F1131209C6F7800BADC8D /* Frameworks */ = {
			isa = PBXFrameworksBuildPhase;
			buildActionMask = 2147483647;
			files = (
				F68F1157209C71B800BADC8D /* SwiftGenericCells.framework in Frameworks */,
				F68F115E209C71DE00BADC8D /* SwiftViewModels.framework in Frameworks */,
			);
			runOnlyForDeploymentPostprocessing = 0;
		};
		F68F1144209C6F7900BADC8D /* Frameworks */ = {
			isa = PBXFrameworksBuildPhase;
			buildActionMask = 2147483647;
			files = (
			);
			runOnlyForDeploymentPostprocessing = 0;
		};
/* End PBXFrameworksBuildPhase section */

/* Begin PBXGroup section */
		F64F82C32099D5E6006C809E = {
			isa = PBXGroup;
			children = (
				F64F82CF2099D5E6006C809E /* SwiftGenericCells */,
				F64F82DA2099D5E6006C809E /* SwiftGenericCellsTests */,
				F68F1135209C6F7800BADC8D /* SwiftGenericCellsDemo */,
				F68F114A209C6F7900BADC8D /* SwiftGenericCellsDemoTests */,
				F64F82CE2099D5E6006C809E /* Products */,
				F64F82E82099DE86006C809E /* Frameworks */,
			);
			sourceTree = "<group>";
		};
		F64F82CE2099D5E6006C809E /* Products */ = {
			isa = PBXGroup;
			children = (
				F64F82CD2099D5E6006C809E /* SwiftGenericCells.framework */,
				F64F82D62099D5E6006C809E /* SwiftGenericCellsTests.xctest */,
				F68F1134209C6F7800BADC8D /* SwiftGenericCellsDemo.app */,
				F68F1147209C6F7900BADC8D /* SwiftGenericCellsDemoTests.xctest */,
			);
			name = Products;
			sourceTree = "<group>";
		};
		F64F82CF2099D5E6006C809E /* SwiftGenericCells */ = {
			isa = PBXGroup;
			children = (
				F6709771209B624B00B98FFF /* GenericDataSource */,
				F6709770209B623200B98FFF /* Presentable */,
				F670976F209B622700B98FFF /* Cells */,
				F64F82EC2099E237006C809E /* UIKitExtensions */,
				F64F82D02099D5E6006C809E /* SwiftGenericCells.h */,
				F64F82D12099D5E6006C809E /* Info.plist */,
			);
			path = SwiftGenericCells;
			sourceTree = "<group>";
		};
		F64F82DA2099D5E6006C809E /* SwiftGenericCellsTests */ = {
			isa = PBXGroup;
			children = (
				F64F82F22099FC6B006C809E /* SimpleTableViewCellsTests */,
				F64F82DD2099D5E6006C809E /* Info.plist */,
			);
			path = SwiftGenericCellsTests;
			sourceTree = "<group>";
		};
		F64F82E82099DE86006C809E /* Frameworks */ = {
			isa = PBXGroup;
			children = (
				F68F1155209C711900BADC8D /* SwiftViewModels.framework */,
				F64F831F209A062E006C809E /* SwiftTryCatch.framework */,
				F64F82E92099DE86006C809E /* SnapKit.framework */,
			);
			name = Frameworks;
			sourceTree = "<group>";
		};
		F64F82EC2099E237006C809E /* UIKitExtensions */ = {
			isa = PBXGroup;
			children = (
				F64F8321209A2905006C809E /* ReusableCellSource.swift */,
				F64F82ED2099E25C006C809E /* UITableView.swift */,
				F64F8323209A2AED006C809E /* UICollectionView.swift */,
			);
			path = UIKitExtensions;
			sourceTree = "<group>";
		};
		F64F82EF2099FC33006C809E /* SimpleTableViewCells */ = {
			isa = PBXGroup;
			children = (
				F64F82F02099FC54006C809E /* TitleTableViewCell.swift */,
				F68F115F209CACD700BADC8D /* ImageTitleTableViewCell.swift */,
			);
			path = SimpleTableViewCells;
			sourceTree = "<group>";
		};
		F64F82F22099FC6B006C809E /* SimpleTableViewCellsTests */ = {
			isa = PBXGroup;
			children = (
				F64F82F32099FC98006C809E /* TitleTableViewCellTest.swift */,
			);
			path = SimpleTableViewCellsTests;
			sourceTree = "<group>";
		};
		F64F8325209A2B89006C809E /* SimpleCollectionViewCells */ = {
			isa = PBXGroup;
			children = (
				F64F8326209A2BA6006C809E /* TitleCollectionViewCell.swift */,
			);
			path = SimpleCollectionViewCells;
			sourceTree = "<group>";
		};
		F670976F209B622700B98FFF /* Cells */ = {
			isa = PBXGroup;
			children = (
				F64F8325209A2B89006C809E /* SimpleCollectionViewCells */,
				F64F82EF2099FC33006C809E /* SimpleTableViewCells */,
			);
			path = Cells;
			sourceTree = "<group>";
		};
		F6709770209B623200B98FFF /* Presentable */ = {
			isa = PBXGroup;
			children = (
				F6F848E4209A822100B89ECF /* ViewModelPresenter.swift */,
				F6F848E6209A915000B89ECF /* PresentableViewModel.swift */,
			);
			path = Presentable;
			sourceTree = "<group>";
		};
		F6709771209B624B00B98FFF /* GenericDataSource */ = {
			isa = PBXGroup;
			children = (
				F68F1164209CB11100BADC8D /* CollectionView */,
				F68F1163209CB10800BADC8D /* TableView */,
			);
			path = GenericDataSource;
			sourceTree = "<group>";
		};
		F68F1135209C6F7800BADC8D /* SwiftGenericCellsDemo */ = {
			isa = PBXGroup;
			children = (
				F68F1136209C6F7800BADC8D /* AppDelegate.swift */,
				F68F1138209C6F7800BADC8D /* ViewController.swift */,
				F68F113D209C6F7900BADC8D /* Assets.xcassets */,
				F68F113F209C6F7900BADC8D /* LaunchScreen.storyboard */,
				F68F1142209C6F7900BADC8D /* Info.plist */,
			);
			path = SwiftGenericCellsDemo;
			sourceTree = "<group>";
		};
		F68F114A209C6F7900BADC8D /* SwiftGenericCellsDemoTests */ = {
			isa = PBXGroup;
			children = (
				F68F114D209C6F7900BADC8D /* Info.plist */,
			);
			path = SwiftGenericCellsDemoTests;
			sourceTree = "<group>";
		};
		F68F1163209CB10800BADC8D /* TableView */ = {
			isa = PBXGroup;
			children = (
				F6709772209B628700B98FFF /* ReusableTableViewDataSource.swift */,
				F68F1161209CB0F700BADC8D /* AnyTableViewPresentableViewModel.swift */,
			);
			path = TableView;
			sourceTree = "<group>";
		};
		F68F1164209CB11100BADC8D /* CollectionView */ = {
			isa = PBXGroup;
			children = (
				F68F1165209CB12300BADC8D /* AnyCollectionViewPresentableViewModel.swift */,
			);
			path = CollectionView;
			sourceTree = "<group>";
		};
/* End PBXGroup section */

/* Begin PBXHeadersBuildPhase section */
		F64F82CA2099D5E6006C809E /* Headers */ = {
			isa = PBXHeadersBuildPhase;
			buildActionMask = 2147483647;
			files = (
				F64F82DE2099D5E6006C809E /* SwiftGenericCells.h in Headers */,
			);
			runOnlyForDeploymentPostprocessing = 0;
		};
/* End PBXHeadersBuildPhase section */

/* Begin PBXNativeTarget section */
		F64F82CC2099D5E6006C809E /* SwiftGenericCells */ = {
			isa = PBXNativeTarget;
			buildConfigurationList = F64F82E12099D5E6006C809E /* Build configuration list for PBXNativeTarget "SwiftGenericCells" */;
			buildPhases = (
				F64F82C82099D5E6006C809E /* Sources */,
				F64F82C92099D5E6006C809E /* Frameworks */,
				F64F82CA2099D5E6006C809E /* Headers */,
				F64F82CB2099D5E6006C809E /* Resources */,
				F64F82E72099D685006C809E /* Carthage */,
				F64F82EB2099DEE3006C809E /* Swiftlint */,
			);
			buildRules = (
			);
			dependencies = (
			);
			name = SwiftGenericCells;
			productName = SwiftGenericCells;
			productReference = F64F82CD2099D5E6006C809E /* SwiftGenericCells.framework */;
			productType = "com.apple.product-type.framework";
		};
		F64F82D52099D5E6006C809E /* SwiftGenericCellsTests */ = {
			isa = PBXNativeTarget;
			buildConfigurationList = F64F82E42099D5E6006C809E /* Build configuration list for PBXNativeTarget "SwiftGenericCellsTests" */;
			buildPhases = (
				F64F82D22099D5E6006C809E /* Sources */,
				F64F82D32099D5E6006C809E /* Frameworks */,
				F64F82D42099D5E6006C809E /* Resources */,
				F64F82F52099FDB0006C809E /* Carthage */,
			);
			buildRules = (
			);
			dependencies = (
				F64F82D92099D5E6006C809E /* PBXTargetDependency */,
			);
			name = SwiftGenericCellsTests;
			productName = SwiftGenericCellsTests;
			productReference = F64F82D62099D5E6006C809E /* SwiftGenericCellsTests.xctest */;
			productType = "com.apple.product-type.bundle.unit-test";
		};
		F68F1133209C6F7800BADC8D /* SwiftGenericCellsDemo */ = {
			isa = PBXNativeTarget;
			buildConfigurationList = F68F1152209C6F7900BADC8D /* Build configuration list for PBXNativeTarget "SwiftGenericCellsDemo" */;
			buildPhases = (
				F68F1130209C6F7800BADC8D /* Sources */,
				F68F1131209C6F7800BADC8D /* Frameworks */,
				F68F1154209C70F700BADC8D /* Carthage */,
				F68F1132209C6F7800BADC8D /* Resources */,
				F68F115B209C71B800BADC8D /* Embed Frameworks */,
			);
			buildRules = (
			);
			dependencies = (
				F68F115A209C71B800BADC8D /* PBXTargetDependency */,
			);
			name = SwiftGenericCellsDemo;
			productName = SwiftGenericCellsDemo;
			productReference = F68F1134209C6F7800BADC8D /* SwiftGenericCellsDemo.app */;
			productType = "com.apple.product-type.application";
		};
		F68F1146209C6F7900BADC8D /* SwiftGenericCellsDemoTests */ = {
			isa = PBXNativeTarget;
			buildConfigurationList = F68F1153209C6F7900BADC8D /* Build configuration list for PBXNativeTarget "SwiftGenericCellsDemoTests" */;
			buildPhases = (
				F68F1143209C6F7900BADC8D /* Sources */,
				F68F1144209C6F7900BADC8D /* Frameworks */,
				F68F1145209C6F7900BADC8D /* Resources */,
			);
			buildRules = (
			);
			dependencies = (
				F68F1149209C6F7900BADC8D /* PBXTargetDependency */,
			);
			name = SwiftGenericCellsDemoTests;
			productName = SwiftGenericCellsDemoTests;
			productReference = F68F1147209C6F7900BADC8D /* SwiftGenericCellsDemoTests.xctest */;
			productType = "com.apple.product-type.bundle.unit-test";
		};
/* End PBXNativeTarget section */

/* Begin PBXProject section */
		F64F82C42099D5E6006C809E /* Project object */ = {
			isa = PBXProject;
			attributes = {
				LastSwiftUpdateCheck = 0930;
				LastUpgradeCheck = 0930;
				ORGANIZATIONNAME = Rep;
				TargetAttributes = {
					F64F82CC2099D5E6006C809E = {
						CreatedOnToolsVersion = 9.3;
						LastSwiftMigration = 0930;
					};
					F64F82D52099D5E6006C809E = {
						CreatedOnToolsVersion = 9.3;
						LastSwiftMigration = 0930;
					};
					F68F1133209C6F7800BADC8D = {
						CreatedOnToolsVersion = 9.3;
					};
					F68F1146209C6F7900BADC8D = {
						CreatedOnToolsVersion = 9.3;
						TestTargetID = F68F1133209C6F7800BADC8D;
					};
				};
			};
			buildConfigurationList = F64F82C72099D5E6006C809E /* Build configuration list for PBXProject "SwiftGenericCells" */;
			compatibilityVersion = "Xcode 9.3";
			developmentRegion = en;
			hasScannedForEncodings = 0;
			knownRegions = (
				en,
				Base,
			);
			mainGroup = F64F82C32099D5E6006C809E;
			productRefGroup = F64F82CE2099D5E6006C809E /* Products */;
			projectDirPath = "";
			projectRoot = "";
			targets = (
				F64F82CC2099D5E6006C809E /* SwiftGenericCells */,
				F64F82D52099D5E6006C809E /* SwiftGenericCellsTests */,
				F68F1133209C6F7800BADC8D /* SwiftGenericCellsDemo */,
				F68F1146209C6F7900BADC8D /* SwiftGenericCellsDemoTests */,
			);
		};
/* End PBXProject section */

/* Begin PBXResourcesBuildPhase section */
		F64F82CB2099D5E6006C809E /* Resources */ = {
			isa = PBXResourcesBuildPhase;
			buildActionMask = 2147483647;
			files = (
			);
			runOnlyForDeploymentPostprocessing = 0;
		};
		F64F82D42099D5E6006C809E /* Resources */ = {
			isa = PBXResourcesBuildPhase;
			buildActionMask = 2147483647;
			files = (
			);
			runOnlyForDeploymentPostprocessing = 0;
		};
		F68F1132209C6F7800BADC8D /* Resources */ = {
			isa = PBXResourcesBuildPhase;
			buildActionMask = 2147483647;
			files = (
				F68F1141209C6F7900BADC8D /* LaunchScreen.storyboard in Resources */,
				F68F113E209C6F7900BADC8D /* Assets.xcassets in Resources */,
			);
			runOnlyForDeploymentPostprocessing = 0;
		};
		F68F1145209C6F7900BADC8D /* Resources */ = {
			isa = PBXResourcesBuildPhase;
			buildActionMask = 2147483647;
			files = (
			);
			runOnlyForDeploymentPostprocessing = 0;
		};
/* End PBXResourcesBuildPhase section */

/* Begin PBXShellScriptBuildPhase section */
		F64F82E72099D685006C809E /* Carthage */ = {
			isa = PBXShellScriptBuildPhase;
			buildActionMask = 2147483647;
			files = (
			);
			inputPaths = (
				"$(SRCROOT)/Carthage/Build/iOS/SnapKit.framework",
			);
			name = Carthage;
			outputPaths = (
			);
			runOnlyForDeploymentPostprocessing = 0;
			shellPath = /bin/sh;
			shellScript = "/usr/local/bin/carthage copy-frameworks";
		};
		F64F82EB2099DEE3006C809E /* Swiftlint */ = {
			isa = PBXShellScriptBuildPhase;
			buildActionMask = 2147483647;
			files = (
			);
			inputPaths = (
			);
			name = Swiftlint;
			outputPaths = (
			);
			runOnlyForDeploymentPostprocessing = 0;
			shellPath = /bin/sh;
			shellScript = "if which swiftlint >/dev/null; then\n    swiftlint\nelse\n    echo \"warning: SwiftLint not installed, download from https://github.com/realm/SwiftLint\"\nfi";
		};
		F64F82F52099FDB0006C809E /* Carthage */ = {
			isa = PBXShellScriptBuildPhase;
			buildActionMask = 2147483647;
			files = (
			);
			inputPaths = (
				"$(SRCROOT)/Carthage/Build/iOS/Nimble.framework",
				"$(SRCROOT)/Carthage/Build/iOS/SnapKit.framework",
			);
			name = Carthage;
			outputPaths = (
			);
			runOnlyForDeploymentPostprocessing = 0;
			shellPath = /bin/sh;
			shellScript = "/usr/local/bin/carthage copy-frameworks";
		};
		F68F1154209C70F700BADC8D /* Carthage */ = {
			isa = PBXShellScriptBuildPhase;
			buildActionMask = 2147483647;
			files = (
			);
			inputPaths = (
				"$(SRCROOT)/Carthage/Build/iOS/SnapKit.framework",
			);
			name = Carthage;
			outputPaths = (
			);
			runOnlyForDeploymentPostprocessing = 0;
			shellPath = /bin/sh;
			shellScript = "/usr/local/bin/carthage copy-frameworks";
		};
/* End PBXShellScriptBuildPhase section */

/* Begin PBXSourcesBuildPhase section */
		F64F82C82099D5E6006C809E /* Sources */ = {
			isa = PBXSourcesBuildPhase;
			buildActionMask = 2147483647;
			files = (
				F68F1166209CB12300BADC8D /* AnyCollectionViewPresentableViewModel.swift in Sources */,
				F64F8322209A2905006C809E /* ReusableCellSource.swift in Sources */,
				F64F82F12099FC54006C809E /* TitleTableViewCell.swift in Sources */,
				F64F8327209A2BA6006C809E /* TitleCollectionViewCell.swift in Sources */,
				F64F8324209A2AED006C809E /* UICollectionView.swift in Sources */,
				F6F848E7209A915000B89ECF /* PresentableViewModel.swift in Sources */,
				F64F82EE2099E25C006C809E /* UITableView.swift in Sources */,
				F6F848E5209A822100B89ECF /* ViewModelPresenter.swift in Sources */,
				F68F1162209CB0F700BADC8D /* AnyTableViewPresentableViewModel.swift in Sources */,
				F68F1160209CACD700BADC8D /* ImageTitleTableViewCell.swift in Sources */,
				F6709773209B628700B98FFF /* ReusableTableViewDataSource.swift in Sources */,
			);
			runOnlyForDeploymentPostprocessing = 0;
		};
		F64F82D22099D5E6006C809E /* Sources */ = {
			isa = PBXSourcesBuildPhase;
			buildActionMask = 2147483647;
			files = (
				F64F82F42099FC98006C809E /* TitleTableViewCellTest.swift in Sources */,
			);
			runOnlyForDeploymentPostprocessing = 0;
		};
		F68F1130209C6F7800BADC8D /* Sources */ = {
			isa = PBXSourcesBuildPhase;
			buildActionMask = 2147483647;
			files = (
				F68F1139209C6F7800BADC8D /* ViewController.swift in Sources */,
				F68F1137209C6F7800BADC8D /* AppDelegate.swift in Sources */,
			);
			runOnlyForDeploymentPostprocessing = 0;
		};
		F68F1143209C6F7900BADC8D /* Sources */ = {
			isa = PBXSourcesBuildPhase;
			buildActionMask = 2147483647;
			files = (
			);
			runOnlyForDeploymentPostprocessing = 0;
		};
/* End PBXSourcesBuildPhase section */

/* Begin PBXTargetDependency section */
		F64F82D92099D5E6006C809E /* PBXTargetDependency */ = {
			isa = PBXTargetDependency;
			target = F64F82CC2099D5E6006C809E /* SwiftGenericCells */;
			targetProxy = F64F82D82099D5E6006C809E /* PBXContainerItemProxy */;
		};
		F68F1149209C6F7900BADC8D /* PBXTargetDependency */ = {
			isa = PBXTargetDependency;
			target = F68F1133209C6F7800BADC8D /* SwiftGenericCellsDemo */;
			targetProxy = F68F1148209C6F7900BADC8D /* PBXContainerItemProxy */;
		};
		F68F115A209C71B800BADC8D /* PBXTargetDependency */ = {
			isa = PBXTargetDependency;
			target = F64F82CC2099D5E6006C809E /* SwiftGenericCells */;
			targetProxy = F68F1159209C71B800BADC8D /* PBXContainerItemProxy */;
		};
/* End PBXTargetDependency section */

/* Begin PBXVariantGroup section */
		F68F113F209C6F7900BADC8D /* LaunchScreen.storyboard */ = {
			isa = PBXVariantGroup;
			children = (
				F68F1140209C6F7900BADC8D /* Base */,
			);
			name = LaunchScreen.storyboard;
			sourceTree = "<group>";
		};
/* End PBXVariantGroup section */

/* Begin XCBuildConfiguration section */
		F64F82DF2099D5E6006C809E /* Debug */ = {
			isa = XCBuildConfiguration;
			buildSettings = {
				ALWAYS_SEARCH_USER_PATHS = NO;
				CLANG_ANALYZER_NONNULL = YES;
				CLANG_ANALYZER_NUMBER_OBJECT_CONVERSION = YES_AGGRESSIVE;
				CLANG_CXX_LANGUAGE_STANDARD = "gnu++14";
				CLANG_CXX_LIBRARY = "libc++";
				CLANG_ENABLE_MODULES = YES;
				CLANG_ENABLE_OBJC_ARC = YES;
				CLANG_ENABLE_OBJC_WEAK = YES;
				CLANG_WARN_BLOCK_CAPTURE_AUTORELEASING = YES;
				CLANG_WARN_BOOL_CONVERSION = YES;
				CLANG_WARN_COMMA = YES;
				CLANG_WARN_CONSTANT_CONVERSION = YES;
				CLANG_WARN_DEPRECATED_OBJC_IMPLEMENTATIONS = YES;
				CLANG_WARN_DIRECT_OBJC_ISA_USAGE = YES_ERROR;
				CLANG_WARN_DOCUMENTATION_COMMENTS = YES;
				CLANG_WARN_EMPTY_BODY = YES;
				CLANG_WARN_ENUM_CONVERSION = YES;
				CLANG_WARN_INFINITE_RECURSION = YES;
				CLANG_WARN_INT_CONVERSION = YES;
				CLANG_WARN_NON_LITERAL_NULL_CONVERSION = YES;
				CLANG_WARN_OBJC_IMPLICIT_RETAIN_SELF = YES;
				CLANG_WARN_OBJC_LITERAL_CONVERSION = YES;
				CLANG_WARN_OBJC_ROOT_CLASS = YES_ERROR;
				CLANG_WARN_RANGE_LOOP_ANALYSIS = YES;
				CLANG_WARN_STRICT_PROTOTYPES = YES;
				CLANG_WARN_SUSPICIOUS_MOVE = YES;
				CLANG_WARN_UNGUARDED_AVAILABILITY = YES_AGGRESSIVE;
				CLANG_WARN_UNREACHABLE_CODE = YES;
				CLANG_WARN__DUPLICATE_METHOD_MATCH = YES;
				CODE_SIGN_IDENTITY = "iPhone Developer";
				COPY_PHASE_STRIP = NO;
				CURRENT_PROJECT_VERSION = 1;
				DEBUG_INFORMATION_FORMAT = dwarf;
				ENABLE_STRICT_OBJC_MSGSEND = YES;
				ENABLE_TESTABILITY = YES;
				GCC_C_LANGUAGE_STANDARD = gnu11;
				GCC_DYNAMIC_NO_PIC = NO;
				GCC_NO_COMMON_BLOCKS = YES;
				GCC_OPTIMIZATION_LEVEL = 0;
				GCC_PREPROCESSOR_DEFINITIONS = (
					"DEBUG=1",
					"$(inherited)",
				);
				GCC_WARN_64_TO_32_BIT_CONVERSION = YES;
				GCC_WARN_ABOUT_RETURN_TYPE = YES_ERROR;
				GCC_WARN_UNDECLARED_SELECTOR = YES;
				GCC_WARN_UNINITIALIZED_AUTOS = YES_AGGRESSIVE;
				GCC_WARN_UNUSED_FUNCTION = YES;
				GCC_WARN_UNUSED_VARIABLE = YES;
				IPHONEOS_DEPLOYMENT_TARGET = 11.3;
				MTL_ENABLE_DEBUG_INFO = YES;
				ONLY_ACTIVE_ARCH = YES;
				SDKROOT = iphoneos;
				SWIFT_ACTIVE_COMPILATION_CONDITIONS = DEBUG;
				SWIFT_OPTIMIZATION_LEVEL = "-Onone";
				VERSIONING_SYSTEM = "apple-generic";
				VERSION_INFO_PREFIX = "";
			};
			name = Debug;
		};
		F64F82E02099D5E6006C809E /* Release */ = {
			isa = XCBuildConfiguration;
			buildSettings = {
				ALWAYS_SEARCH_USER_PATHS = NO;
				CLANG_ANALYZER_NONNULL = YES;
				CLANG_ANALYZER_NUMBER_OBJECT_CONVERSION = YES_AGGRESSIVE;
				CLANG_CXX_LANGUAGE_STANDARD = "gnu++14";
				CLANG_CXX_LIBRARY = "libc++";
				CLANG_ENABLE_MODULES = YES;
				CLANG_ENABLE_OBJC_ARC = YES;
				CLANG_ENABLE_OBJC_WEAK = YES;
				CLANG_WARN_BLOCK_CAPTURE_AUTORELEASING = YES;
				CLANG_WARN_BOOL_CONVERSION = YES;
				CLANG_WARN_COMMA = YES;
				CLANG_WARN_CONSTANT_CONVERSION = YES;
				CLANG_WARN_DEPRECATED_OBJC_IMPLEMENTATIONS = YES;
				CLANG_WARN_DIRECT_OBJC_ISA_USAGE = YES_ERROR;
				CLANG_WARN_DOCUMENTATION_COMMENTS = YES;
				CLANG_WARN_EMPTY_BODY = YES;
				CLANG_WARN_ENUM_CONVERSION = YES;
				CLANG_WARN_INFINITE_RECURSION = YES;
				CLANG_WARN_INT_CONVERSION = YES;
				CLANG_WARN_NON_LITERAL_NULL_CONVERSION = YES;
				CLANG_WARN_OBJC_IMPLICIT_RETAIN_SELF = YES;
				CLANG_WARN_OBJC_LITERAL_CONVERSION = YES;
				CLANG_WARN_OBJC_ROOT_CLASS = YES_ERROR;
				CLANG_WARN_RANGE_LOOP_ANALYSIS = YES;
				CLANG_WARN_STRICT_PROTOTYPES = YES;
				CLANG_WARN_SUSPICIOUS_MOVE = YES;
				CLANG_WARN_UNGUARDED_AVAILABILITY = YES_AGGRESSIVE;
				CLANG_WARN_UNREACHABLE_CODE = YES;
				CLANG_WARN__DUPLICATE_METHOD_MATCH = YES;
				CODE_SIGN_IDENTITY = "iPhone Developer";
				COPY_PHASE_STRIP = NO;
				CURRENT_PROJECT_VERSION = 1;
				DEBUG_INFORMATION_FORMAT = "dwarf-with-dsym";
				ENABLE_NS_ASSERTIONS = NO;
				ENABLE_STRICT_OBJC_MSGSEND = YES;
				GCC_C_LANGUAGE_STANDARD = gnu11;
				GCC_NO_COMMON_BLOCKS = YES;
				GCC_WARN_64_TO_32_BIT_CONVERSION = YES;
				GCC_WARN_ABOUT_RETURN_TYPE = YES_ERROR;
				GCC_WARN_UNDECLARED_SELECTOR = YES;
				GCC_WARN_UNINITIALIZED_AUTOS = YES_AGGRESSIVE;
				GCC_WARN_UNUSED_FUNCTION = YES;
				GCC_WARN_UNUSED_VARIABLE = YES;
				IPHONEOS_DEPLOYMENT_TARGET = 11.3;
				MTL_ENABLE_DEBUG_INFO = NO;
				SDKROOT = iphoneos;
				SWIFT_COMPILATION_MODE = wholemodule;
				SWIFT_OPTIMIZATION_LEVEL = "-O";
				VALIDATE_PRODUCT = YES;
				VERSIONING_SYSTEM = "apple-generic";
				VERSION_INFO_PREFIX = "";
			};
			name = Release;
		};
		F64F82E22099D5E6006C809E /* Debug */ = {
			isa = XCBuildConfiguration;
			buildSettings = {
				CLANG_ENABLE_MODULES = YES;
				CODE_SIGN_IDENTITY = "";
				CODE_SIGN_STYLE = Automatic;
				DEFINES_MODULE = YES;
				DEVELOPMENT_TEAM = MDX989Y6D8;
				DYLIB_COMPATIBILITY_VERSION = 1;
				DYLIB_CURRENT_VERSION = 1;
				DYLIB_INSTALL_NAME_BASE = "@rpath";
				FRAMEWORK_SEARCH_PATHS = (
					"$(inherited)",
					"$(PROJECT_DIR)/Carthage/Build/iOS",
				);
				INFOPLIST_FILE = SwiftGenericCells/Info.plist;
				INSTALL_PATH = "$(LOCAL_LIBRARY_DIR)/Frameworks";
				IPHONEOS_DEPLOYMENT_TARGET = 10.0;
				LD_RUNPATH_SEARCH_PATHS = (
					"$(inherited)",
					"@executable_path/Frameworks",
					"@loader_path/Frameworks",
				);
				PRODUCT_BUNDLE_IDENTIFIER = com.rep.SwiftGenericCells;
				PRODUCT_NAME = "$(TARGET_NAME:c99extidentifier)";
				SKIP_INSTALL = YES;
				SWIFT_OPTIMIZATION_LEVEL = "-Onone";
				SWIFT_VERSION = 4.0;
				TARGETED_DEVICE_FAMILY = "1,2";
			};
			name = Debug;
		};
		F64F82E32099D5E6006C809E /* Release */ = {
			isa = XCBuildConfiguration;
			buildSettings = {
				CLANG_ENABLE_MODULES = YES;
				CODE_SIGN_IDENTITY = "";
				CODE_SIGN_STYLE = Automatic;
				DEFINES_MODULE = YES;
				DEVELOPMENT_TEAM = MDX989Y6D8;
				DYLIB_COMPATIBILITY_VERSION = 1;
				DYLIB_CURRENT_VERSION = 1;
				DYLIB_INSTALL_NAME_BASE = "@rpath";
				FRAMEWORK_SEARCH_PATHS = (
					"$(inherited)",
					"$(PROJECT_DIR)/Carthage/Build/iOS",
				);
				INFOPLIST_FILE = SwiftGenericCells/Info.plist;
				INSTALL_PATH = "$(LOCAL_LIBRARY_DIR)/Frameworks";
				IPHONEOS_DEPLOYMENT_TARGET = 10.0;
				LD_RUNPATH_SEARCH_PATHS = (
					"$(inherited)",
					"@executable_path/Frameworks",
					"@loader_path/Frameworks",
				);
				PRODUCT_BUNDLE_IDENTIFIER = com.rep.SwiftGenericCells;
				PRODUCT_NAME = "$(TARGET_NAME:c99extidentifier)";
				SKIP_INSTALL = YES;
				SWIFT_VERSION = 4.0;
				TARGETED_DEVICE_FAMILY = "1,2";
			};
			name = Release;
		};
		F64F82E52099D5E6006C809E /* Debug */ = {
			isa = XCBuildConfiguration;
			buildSettings = {
				ALWAYS_EMBED_SWIFT_STANDARD_LIBRARIES = YES;
				CLANG_ENABLE_MODULES = YES;
				CODE_SIGN_STYLE = Automatic;
				DEVELOPMENT_TEAM = MDX989Y6D8;
				FRAMEWORK_SEARCH_PATHS = (
					"$(inherited)",
					"$(PROJECT_DIR)/Carthage/Build/iOS",
				);
				INFOPLIST_FILE = SwiftGenericCellsTests/Info.plist;
				LD_RUNPATH_SEARCH_PATHS = (
					"$(inherited)",
					"@executable_path/Frameworks",
					"@loader_path/Frameworks",
				);
				PRODUCT_BUNDLE_IDENTIFIER = com.rep.SwiftGenericCellsTests;
				PRODUCT_NAME = "$(TARGET_NAME)";
				SWIFT_OPTIMIZATION_LEVEL = "-Onone";
				SWIFT_VERSION = 4.0;
				TARGETED_DEVICE_FAMILY = "1,2";
			};
			name = Debug;
		};
		F64F82E62099D5E6006C809E /* Release */ = {
			isa = XCBuildConfiguration;
			buildSettings = {
				ALWAYS_EMBED_SWIFT_STANDARD_LIBRARIES = YES;
				CLANG_ENABLE_MODULES = YES;
				CODE_SIGN_STYLE = Automatic;
				DEVELOPMENT_TEAM = MDX989Y6D8;
				FRAMEWORK_SEARCH_PATHS = (
					"$(inherited)",
					"$(PROJECT_DIR)/Carthage/Build/iOS",
				);
				INFOPLIST_FILE = SwiftGenericCellsTests/Info.plist;
				LD_RUNPATH_SEARCH_PATHS = (
					"$(inherited)",
					"@executable_path/Frameworks",
					"@loader_path/Frameworks",
				);
				PRODUCT_BUNDLE_IDENTIFIER = com.rep.SwiftGenericCellsTests;
				PRODUCT_NAME = "$(TARGET_NAME)";
				SWIFT_VERSION = 4.0;
				TARGETED_DEVICE_FAMILY = "1,2";
			};
			name = Release;
		};
		F68F114E209C6F7900BADC8D /* Debug */ = {
			isa = XCBuildConfiguration;
			buildSettings = {
				ALWAYS_EMBED_SWIFT_STANDARD_LIBRARIES = YES;
				ASSETCATALOG_COMPILER_APPICON_NAME = AppIcon;
				CODE_SIGN_STYLE = Automatic;
				DEVELOPMENT_TEAM = MDX989Y6D8;
				FRAMEWORK_SEARCH_PATHS = (
					"$(inherited)",
					"$(PROJECT_DIR)/Carthage/Build/iOS",
				);
				INFOPLIST_FILE = SwiftGenericCellsDemo/Info.plist;
				LD_RUNPATH_SEARCH_PATHS = (
					"$(inherited)",
					"@executable_path/Frameworks",
				);
				PRODUCT_BUNDLE_IDENTIFIER = com.rep.SwiftGenericCellsDemo;
				PRODUCT_NAME = "$(TARGET_NAME)";
				SWIFT_VERSION = 4.0;
				TARGETED_DEVICE_FAMILY = "1,2";
			};
			name = Debug;
		};
		F68F114F209C6F7900BADC8D /* Release */ = {
			isa = XCBuildConfiguration;
			buildSettings = {
				ALWAYS_EMBED_SWIFT_STANDARD_LIBRARIES = YES;
				ASSETCATALOG_COMPILER_APPICON_NAME = AppIcon;
				CODE_SIGN_STYLE = Automatic;
				DEVELOPMENT_TEAM = MDX989Y6D8;
				FRAMEWORK_SEARCH_PATHS = (
					"$(inherited)",
					"$(PROJECT_DIR)/Carthage/Build/iOS",
				);
				INFOPLIST_FILE = SwiftGenericCellsDemo/Info.plist;
				LD_RUNPATH_SEARCH_PATHS = (
					"$(inherited)",
					"@executable_path/Frameworks",
				);
				PRODUCT_BUNDLE_IDENTIFIER = com.rep.SwiftGenericCellsDemo;
				PRODUCT_NAME = "$(TARGET_NAME)";
				SWIFT_VERSION = 4.0;
				TARGETED_DEVICE_FAMILY = "1,2";
			};
			name = Release;
		};
		F68F1150209C6F7900BADC8D /* Debug */ = {
			isa = XCBuildConfiguration;
			buildSettings = {
				ALWAYS_EMBED_SWIFT_STANDARD_LIBRARIES = YES;
				BUNDLE_LOADER = "$(TEST_HOST)";
				CODE_SIGN_STYLE = Automatic;
				DEVELOPMENT_TEAM = MDX989Y6D8;
				INFOPLIST_FILE = SwiftGenericCellsDemoTests/Info.plist;
				LD_RUNPATH_SEARCH_PATHS = (
					"$(inherited)",
					"@executable_path/Frameworks",
					"@loader_path/Frameworks",
				);
				PRODUCT_BUNDLE_IDENTIFIER = com.rep.SwiftGenericCellsDemoTests;
				PRODUCT_NAME = "$(TARGET_NAME)";
				SWIFT_VERSION = 4.0;
				TARGETED_DEVICE_FAMILY = "1,2";
				TEST_HOST = "$(BUILT_PRODUCTS_DIR)/SwiftGenericCellsDemo.app/SwiftGenericCellsDemo";
			};
			name = Debug;
		};
		F68F1151209C6F7900BADC8D /* Release */ = {
			isa = XCBuildConfiguration;
			buildSettings = {
				ALWAYS_EMBED_SWIFT_STANDARD_LIBRARIES = YES;
				BUNDLE_LOADER = "$(TEST_HOST)";
				CODE_SIGN_STYLE = Automatic;
				DEVELOPMENT_TEAM = MDX989Y6D8;
				INFOPLIST_FILE = SwiftGenericCellsDemoTests/Info.plist;
				LD_RUNPATH_SEARCH_PATHS = (
					"$(inherited)",
					"@executable_path/Frameworks",
					"@loader_path/Frameworks",
				);
				PRODUCT_BUNDLE_IDENTIFIER = com.rep.SwiftGenericCellsDemoTests;
				PRODUCT_NAME = "$(TARGET_NAME)";
				SWIFT_VERSION = 4.0;
				TARGETED_DEVICE_FAMILY = "1,2";
				TEST_HOST = "$(BUILT_PRODUCTS_DIR)/SwiftGenericCellsDemo.app/SwiftGenericCellsDemo";
			};
			name = Release;
		};
/* End XCBuildConfiguration section */

/* Begin XCConfigurationList section */
		F64F82C72099D5E6006C809E /* Build configuration list for PBXProject "SwiftGenericCells" */ = {
			isa = XCConfigurationList;
			buildConfigurations = (
				F64F82DF2099D5E6006C809E /* Debug */,
				F64F82E02099D5E6006C809E /* Release */,
			);
			defaultConfigurationIsVisible = 0;
			defaultConfigurationName = Release;
		};
		F64F82E12099D5E6006C809E /* Build configuration list for PBXNativeTarget "SwiftGenericCells" */ = {
			isa = XCConfigurationList;
			buildConfigurations = (
				F64F82E22099D5E6006C809E /* Debug */,
				F64F82E32099D5E6006C809E /* Release */,
			);
			defaultConfigurationIsVisible = 0;
			defaultConfigurationName = Release;
		};
		F64F82E42099D5E6006C809E /* Build configuration list for PBXNativeTarget "SwiftGenericCellsTests" */ = {
			isa = XCConfigurationList;
			buildConfigurations = (
				F64F82E52099D5E6006C809E /* Debug */,
				F64F82E62099D5E6006C809E /* Release */,
			);
			defaultConfigurationIsVisible = 0;
			defaultConfigurationName = Release;
		};
		F68F1152209C6F7900BADC8D /* Build configuration list for PBXNativeTarget "SwiftGenericCellsDemo" */ = {
			isa = XCConfigurationList;
			buildConfigurations = (
				F68F114E209C6F7900BADC8D /* Debug */,
				F68F114F209C6F7900BADC8D /* Release */,
			);
			defaultConfigurationIsVisible = 0;
			defaultConfigurationName = Release;
		};
		F68F1153209C6F7900BADC8D /* Build configuration list for PBXNativeTarget "SwiftGenericCellsDemoTests" */ = {
			isa = XCConfigurationList;
			buildConfigurations = (
				F68F1150209C6F7900BADC8D /* Debug */,
				F68F1151209C6F7900BADC8D /* Release */,
			);
			defaultConfigurationIsVisible = 0;
			defaultConfigurationName = Release;
		};
/* End XCConfigurationList section */
	};
	rootObject = F64F82C42099D5E6006C809E /* Project object */;
}
